// !$*UTF8*$!
{
	archiveVersion = 1;
	classes = {
	};
	objectVersion = 70;
	objects = {

/* Begin PBXBuildFile section */
		A1000001266A000000000030 /* UmbraiOSApp.swift in Sources */ = {isa = PBXBuildFile; fileRef = A1000001266A000000000031 /* UmbraiOSApp.swift */; };
		A1000001266A000000000032 /* ContentView.swift in Sources */ = {isa = PBXBuildFile; fileRef = A1000001266A000000000033 /* ContentView.swift */; };
		A1000001266A000000000034 /* ChatView.swift in Sources */ = {isa = PBXBuildFile; fileRef = A1000001266A000000000035 /* ChatView.swift */; };
		A1000001266A000000000036 /* TasksView.swift in Sources */ = {isa = PBXBuildFile; fileRef = A1000001266A000000000037 /* TasksView.swift */; };
		A1000001266A000000000038 /* AbilitiesView.swift in Sources */ = {isa = PBXBuildFile; fileRef = A1000001266A000000000039 /* AbilitiesView.swift */; };
		A1000001266A000000000040 /* MeView.swift in Sources */ = {isa = PBXBuildFile; fileRef = A1000001266A000000000041 /* MeView.swift */; };
		A1000001266A0000000000B0 /* VaultFeature.swift in Sources */ = {isa = PBXBuildFile; fileRef = A1000001266A0000000000B1 /* VaultFeature.swift */; };
		A1000001266A000000000042 /* ChatViewModel.swift in Sources */ = {isa = PBXBuildFile; fileRef = A1000001266A000000000043 /* ChatViewModel.swift */; };
		A1000001266A000000000044 /* TasksViewModel.swift in Sources */ = {isa = PBXBuildFile; fileRef = A1000001266A000000000045 /* TasksViewModel.swift */; };
		A1000001266A000000000046 /* AbilitiesViewModel.swift in Sources */ = {isa = PBXBuildFile; fileRef = A1000001266A000000000047 /* AbilitiesViewModel.swift */; };
		A1000001266A000000000048 /* NetworkConfig.swift in Sources */ = {isa = PBXBuildFile; fileRef = A1000001266A000000000049 /* NetworkConfig.swift */; };
		A1000001266A000000000050 /* HTTPService.swift in Sources */ = {isa = PBXBuildFile; fileRef = A1000001266A000000000051 /* HTTPService.swift */; };
		A1000001266A000000000052 /* ChatWebSocket.swift in Sources */ = {isa = PBXBuildFile; fileRef = A1000001266A000000000053 /* ChatWebSocket.swift */; };
		A1000001266A000000000054 /* Models.swift in Sources */ = {isa = PBXBuildFile; fileRef = A1000001266A000000000055 /* Models.swift */; };
		A1000001266A000000000056 /* UmbraColors.swift in Sources */ = {isa = PBXBuildFile; fileRef = A1000001266A000000000057 /* UmbraColors.swift */; };
		A1000001266A000000000058 /* ColorHelpers.swift in Sources */ = {isa = PBXBuildFile; fileRef = A1000001266A000000000059 /* ColorHelpers.swift */; };
		A1000001266A000000000060 /* TTSService.swift in Sources */ = {isa = PBXBuildFile; fileRef = A1000001266A000000000061 /* TTSService.swift */; };
		A1000001266A000000000062 /* LanguageManager.swift in Sources */ = {isa = PBXBuildFile; fileRef = A1000001266A000000000063 /* LanguageManager.swift */; };
		A1000001266A000000000068 /* StringCatalog.swift in Sources */ = {isa = PBXBuildFile; fileRef = A1000001266A000000000069 /* StringCatalog.swift */; };
		A1000001266A0000000000A0 /* InspirationsView.swift in Sources */ = {isa = PBXBuildFile; fileRef = A1000001266A0000000000A1 /* InspirationsView.swift */; };
		A1000001266A0000000000A2 /* InspirationsViewModel.swift in Sources */ = {isa = PBXBuildFile; fileRef = A1000001266A0000000000A3 /* InspirationsViewModel.swift */; };
		A1000001266A000000000064 /* Localizable.xcstrings in Resources */ = {isa = PBXBuildFile; fileRef = A1000001266A000000000065 /* Localizable.xcstrings */; };
		A1000001266A000000000066 /* InfoPlist.xcstrings in Resources */ = {isa = PBXBuildFile; fileRef = A1000001266A000000000067 /* InfoPlist.xcstrings */; };
/* End PBXBuildFile section */

/* Begin PBXFileReference section */
		A1000001266A000000000001 /* UmbraiOS.app */ = {isa = PBXFileReference; explicitFileType = wrapper.application; includeInIndex = 0; path = UmbraiOS.app; sourceTree = BUILT_PRODUCTS_DIR; };
		A1000001266A000000000031 /* UmbraiOSApp.swift */ = {isa = PBXFileReference; lastKnownFileType = sourcecode.swift; path = UmbraiOS/UmbraiOSApp.swift; sourceTree = "<group>"; };
		A1000001266A000000000033 /* ContentView.swift */ = {isa = PBXFileReference; lastKnownFileType = sourcecode.swift; path = ContentView.swift; sourceTree = "<group>"; };
		A1000001266A000000000035 /* ChatView.swift */ = {isa = PBXFileReference; lastKnownFileType = sourcecode.swift; path = ChatView.swift; sourceTree = "<group>"; };
		A1000001266A000000000037 /* TasksView.swift */ = {isa = PBXFileReference; lastKnownFileType = sourcecode.swift; path = TasksView.swift; sourceTree = "<group>"; };
		A1000001266A000000000039 /* AbilitiesView.swift */ = {isa = PBXFileReference; lastKnownFileType = sourcecode.swift; path = AbilitiesView.swift; sourceTree = "<group>"; };
		A1000001266A000000000041 /* MeView.swift */ = {isa = PBXFileReference; lastKnownFileType = sourcecode.swift; path = MeView.swift; sourceTree = "<group>"; };
		A1000001266A0000000000B1 /* VaultFeature.swift */ = {isa = PBXFileReference; lastKnownFileType = sourcecode.swift; path = VaultFeature.swift; sourceTree = "<group>"; };
		A1000001266A000000000043 /* ChatViewModel.swift */ = {isa = PBXFileReference; lastKnownFileType = sourcecode.swift; path = ChatViewModel.swift; sourceTree = "<group>"; };
		A1000001266A000000000045 /* TasksViewModel.swift */ = {isa = PBXFileReference; lastKnownFileType = sourcecode.swift; path = TasksViewModel.swift; sourceTree = "<group>"; };
		A1000001266A000000000047 /* AbilitiesViewModel.swift */ = {isa = PBXFileReference; lastKnownFileType = sourcecode.swift; path = AbilitiesViewModel.swift; sourceTree = "<group>"; };
		A1000001266A000000000049 /* NetworkConfig.swift */ = {isa = PBXFileReference; lastKnownFileType = sourcecode.swift; path = NetworkConfig.swift; sourceTree = "<group>"; };
		A1000001266A000000000051 /* HTTPService.swift */ = {isa = PBXFileReference; lastKnownFileType = sourcecode.swift; path = HTTPService.swift; sourceTree = "<group>"; };
		A1000001266A000000000053 /* ChatWebSocket.swift */ = {isa = PBXFileReference; lastKnownFileType = sourcecode.swift; path = ChatWebSocket.swift; sourceTree = "<group>"; };
		A1000001266A000000000055 /* Models.swift */ = {isa = PBXFileReference; lastKnownFileType = sourcecode.swift; path = Models.swift; sourceTree = "<group>"; };
		A1000001266A000000000057 /* UmbraColors.swift */ = {isa = PBXFileReference; lastKnownFileType = sourcecode.swift; path = UmbraColors.swift; sourceTree = "<group>"; };
		A1000001266A000000000059 /* ColorHelpers.swift */ = {isa = PBXFileReference; lastKnownFileType = sourcecode.swift; path = ColorHelpers.swift; sourceTree = "<group>"; };
		A1000001266A000000000061 /* TTSService.swift */ = {isa = PBXFileReference; lastKnownFileType = sourcecode.swift; path = TTSService.swift; sourceTree = "<group>"; };
		A1000001266A000000000063 /* LanguageManager.swift */ = {isa = PBXFileReference; lastKnownFileType = sourcecode.swift; path = LanguageManager.swift; sourceTree = "<group>"; };
		A1000001266A000000000069 /* StringCatalog.swift */ = {isa = PBXFileReference; lastKnownFileType = sourcecode.swift; path = StringCatalog.swift; sourceTree = "<group>"; };
		A1000001266A0000000000A1 /* InspirationsView.swift */ = {isa = PBXFileReference; lastKnownFileType = sourcecode.swift; path = InspirationsView.swift; sourceTree = "<group>"; };
		A1000001266A0000000000A3 /* InspirationsViewModel.swift */ = {isa = PBXFileReference; lastKnownFileType = sourcecode.swift; path = InspirationsViewModel.swift; sourceTree = "<group>"; };
		A1000001266A000000000065 /* Localizable.xcstrings */ = {isa = PBXFileReference; lastKnownFileType = text.json.xcstrings; path = Localizable.xcstrings; sourceTree = "<group>"; };
		A1000001266A000000000067 /* InfoPlist.xcstrings */ = {isa = PBXFileReference; lastKnownFileType = text.json.xcstrings; path = InfoPlist.xcstrings; sourceTree = "<group>"; };
/* End PBXFileReference section */

/* Begin PBXGroup section */
		A1000001266A000000000002 = {
			isa = PBXGroup;
			children = (
				A1000001266A000000000031 /* UmbraiOSApp.swift */,
				A1000001266A000000000070 /* Views */,
				A1000001266A000000000071 /* ViewModels */,
				A1000001266A000000000072 /* Network */,
				A1000001266A000000000073 /* Utils */,
				A1000001266A000000000075 /* Resources */,
				A1000001266A000000000003 /* Products */,
			);
			sourceTree = "<group>";
		};
		A1000001266A000000000003 /* Products */ = {
			isa = PBXGroup;
			children = (
				A1000001266A000000000001 /* UmbraiOS.app */,
			);
			name = Products;
			sourceTree = "<group>";
		};
		A1000001266A000000000070 /* Views */ = {
			isa = PBXGroup;
			children = (
				A1000001266A000000000033 /* ContentView.swift */,
				A1000001266A000000000035 /* ChatView.swift */,
				A1000001266A000000000037 /* TasksView.swift */,
				A1000001266A0000000000A1 /* InspirationsView.swift */,
				A1000001266A000000000039 /* AbilitiesView.swift */,
				A1000001266A000000000041 /* MeView.swift */,
				A1000001266A0000000000B1 /* VaultFeature.swift */,
			);
			path = UmbraiOS/Views;
			sourceTree = "<group>";
		};
		A1000001266A000000000071 /* ViewModels */ = {
			isa = PBXGroup;
			children = (
				A1000001266A000000000043 /* ChatViewModel.swift */,
				A1000001266A000000000045 /* TasksViewModel.swift */,
				A1000001266A0000000000A3 /* InspirationsViewModel.swift */,
				A1000001266A000000000047 /* AbilitiesViewModel.swift */,
			);
			path = UmbraiOS/ViewModels;
			sourceTree = "<group>";
		};
		A1000001266A000000000072 /* Network */ = {
			isa = PBXGroup;
			children = (
				A1000001266A000000000049 /* NetworkConfig.swift */,
				A1000001266A000000000051 /* HTTPService.swift */,
				A1000001266A000000000053 /* ChatWebSocket.swift */,
				A1000001266A000000000055 /* Models.swift */,
			);
			path = UmbraiOS/Network;
			sourceTree = "<group>";
		};
		A1000001266A000000000073 /* Utils */ = {
			isa = PBXGroup;
			children = (
				A1000001266A000000000057 /* UmbraColors.swift */,
				A1000001266A000000000059 /* ColorHelpers.swift */,
				A1000001266A000000000061 /* TTSService.swift */,
				A1000001266A000000000063 /* LanguageManager.swift */,
				A1000001266A000000000069 /* StringCatalog.swift */,
			);
			path = UmbraiOS/Utils;
			sourceTree = "<group>";
		};
		A1000001266A000000000075 /* Resources */ = {
			isa = PBXGroup;
			children = (
				A1000001266A000000000076 /* Info.plist */,
				A1000001266A000000000077 /* Assets.xcassets */,
				A1000001266A000000000065 /* Localizable.xcstrings */,
				A1000001266A000000000067 /* InfoPlist.xcstrings */,
			);
			path = UmbraiOS/Resources;
			sourceTree = "<group>";
		};
		A1000001266A000000000076 /* Info.plist */ = {isa = PBXFileReference; lastKnownFileType = text.plist.xml; path = Info.plist; sourceTree = "<group>"; };
		A1000001266A000000000077 /* Assets.xcassets */ = {isa = PBXFileReference; lastKnownFileType = folder.assetcatalog; path = Assets.xcassets; sourceTree = "<group>"; };
/* End PBXGroup section */

/* Begin PBXNativeTarget section */
		A1000001266A000000000004 /* UmbraiOS */ = {
			isa = PBXNativeTarget;
			buildConfigurationList = A1000001266A000000000020 /* Build configuration list for PBXNativeTarget "UmbraiOS" */;
			buildPhases = (
				A1000001266A000000000080 /* Sources */,
				A1000001266A000000000081 /* Resources */,
			);
			buildRules = (
			);
			dependencies = (
			);
			name = UmbraiOS;
			productName = UmbraiOS;
			productReference = A1000001266A000000000001 /* UmbraiOS.app */;
			productType = "com.apple.product-type.application";
		};
/* End PBXNativeTarget section */

/* Begin PBXProject section */
		A1000001266A000000000005 /* Project object */ = {
			isa = PBXProject;
			attributes = {
				BuildIndependentTargetsInParallel = 1;
				LastSwiftUpdateCheck = 1600;
				LastUpgradeCheck = 1600;
			};
			buildConfigurationList = A1000001266A000000000021 /* Build configuration list for PBXProject "UmbraiOS" */;
			compatibilityVersion = "Xcode 14.0";
			developmentRegion = zh_CN;
			hasScannedForEncodings = 0;
			knownRegions = (
				en,
				Base,
				"zh-Hans",
				zh_CN,
			);
			mainGroup = A1000001266A000000000002;
			productRefGroup = A1000001266A000000000003 /* Products */;
			projectDirPath = "";
			projectRoot = "";
			targets = (
				A1000001266A000000000004 /* UmbraiOS */,
			);
		};
/* End PBXProject section */

/* Begin PBXResourcesBuildPhase section */
		A1000001266A000000000081 /* Resources */ = {
			isa = PBXResourcesBuildPhase;
			buildActionMask = 2147483647;
			files = (
				A1000001266A000000000064 /* Localizable.xcstrings in Resources */,
				A1000001266A000000000066 /* InfoPlist.xcstrings in Resources */,
			);
			runOnlyForDeploymentPostprocessing = 0;
		};
/* End PBXResourcesBuildPhase section */

/* Begin PBXSourcesBuildPhase section */
		A1000001266A000000000080 /* Sources */ = {
			isa = PBXSourcesBuildPhase;
			buildActionMask = 2147483647;
			files = (
				A1000001266A000000000030 /* UmbraiOSApp.swift in Sources */,
				A1000001266A000000000032 /* ContentView.swift in Sources */,
				A1000001266A000000000034 /* ChatView.swift in Sources */,
				A1000001266A000000000036 /* TasksView.swift in Sources */,
				A1000001266A000000000038 /* AbilitiesView.swift in Sources */,
				A1000001266A000000000040 /* MeView.swift in Sources */,
				A1000001266A0000000000B0 /* VaultFeature.swift in Sources */,
				A1000001266A000000000042 /* ChatViewModel.swift in Sources */,
				A1000001266A000000000044 /* TasksViewModel.swift in Sources */,
				A1000001266A000000000046 /* AbilitiesViewModel.swift in Sources */,
				A1000001266A000000000048 /* NetworkConfig.swift in Sources */,
				A1000001266A000000000050 /* HTTPService.swift in Sources */,
				A1000001266A000000000052 /* ChatWebSocket.swift in Sources */,
				A1000001266A000000000054 /* Models.swift in Sources */,
				A1000001266A000000000056 /* UmbraColors.swift in Sources */,
				A1000001266A000000000058 /* ColorHelpers.swift in Sources */,
				A1000001266A000000000060 /* TTSService.swift in Sources */,
				A1000001266A000000000062 /* LanguageManager.swift in Sources */,
				A1000001266A000000000068 /* StringCatalog.swift in Sources */,
				A1000001266A0000000000A0 /* InspirationsView.swift in Sources */,
				A1000001266A0000000000A2 /* InspirationsViewModel.swift in Sources */,
			);
			runOnlyForDeploymentPostprocessing = 0;
		};
/* End PBXSourcesBuildPhase section */

/* Begin XCBuildConfiguration section */
		A1000001266A000000000022 /* Debug */ = {
			isa = XCBuildConfiguration;
			buildSettings = {
				ALWAYS_SEARCH_USER_PATHS = NO;
				ASSETCATALOG_COMPILER_GENERATE_SWIFT_ASSET_SYMBOL_EXTENSIONS = YES;
				CLANG_ANALYZER_NONNULL = YES;
				CLANG_ANALYZER_NUMBER_OBJECT_CONVERSION = YES_AGGRESSIVE;
				CLANG_CXX_LANGUAGE_STANDARD = "gnu++20";
				CLANG_ENABLE_MODULES = YES;
				CLANG_ENABLE_OBJC_ARC = YES;
				CLANG_ENABLE_OBJC_WEAK = YES;
				CLANG_WARN_BLOCK_CAPTURE_AUTORELEASING = YES;
				CLANG_WARN_BOOL_CONVERSION = YES;
				CLANG_WARN_COMMA = YES;
				CLANG_WARN_CONSTANT_CONVERSION = YES;
				CLANG_WARN_DEPRECATED_OBJC_IMPLEMENTATIONS = YES;
				CLANG_WARN_DIRECT_OBJC_ISA_USAGE = YES_ERROR;
				CLANG_WARN_DOCUMENTATION_COMMENTS = YES;
				CLANG_WARN_EMPTY_BODY = YES;
				CLANG_WARN_ENUM_CONVERSION = YES;
				CLANG_WARN_INFINITE_RECURSION = YES;
				CLANG_WARN_INT_CONVERSION = YES;
				CLANG_WARN_NON_LITERAL_NULL_CONVERSION = YES;
				CLANG_WARN_OBJC_IMPLICIT_RETAIN_SELF = YES;
				CLANG_WARN_OBJC_LITERAL_CONVERSION = YES;
				CLANG_WARN_OBJC_ROOT_CLASS = YES_ERROR;
				CLANG_WARN_QUOTED_INCLUDE_IN_FRAMEWORK_HEADER = YES;
				CLANG_WARN_RANGE_LOOP_ANALYSIS = YES;
				CLANG_WARN_STRICT_PROTOTYPES = YES;
				CLANG_WARN_SUSPICIOUS_MOVE = YES;
				CLANG_WARN_UNGUARDED_AVAILABILITY = YES_AGGRESSIVE;
				CLANG_WARN_UNREACHABLE_CODE = YES;
				CLANG_WARN__DUPLICATE_METHOD_MATCH = YES;
				COPY_PHASE_STRIP = NO;
				DEBUG_INFORMATION_FORMAT = dwarf;
				ENABLE_STRICT_OBJC_MSGSEND = YES;
				ENABLE_TESTABILITY = YES;
				ENABLE_USER_SCRIPT_SANDBOXING = YES;
				GCC_C_LANGUAGE_STANDARD = gnu17;
				GCC_DYNAMIC_NO_PIC = YES;
				GCC_NO_COMMON_BLOCKS = YES;
				GCC_OPTIMIZATION_LEVEL = 0;
				GCC_PREPROCESSOR_DEFINITIONS = (
					"DEBUG=1",
					"$(inherited)",
				);
				GCC_WARN_64_TO_32_BIT_CONVERSION = YES;
				GCC_WARN_ABOUT_RETURN_TYPE = YES_ERROR;
				GCC_WARN_UNDECLARED_SELECTOR = YES;
				GCC_WARN_UNINITIALIZED_AUTOS = YES_AGGRESSIVE;
				GCC_WARN_UNUSED_FUNCTION = YES;
				GCC_WARN_UNUSED_VARIABLE = YES;
				IPHONEOS_DEPLOYMENT_TARGET = 16.0;
				LOCALIZATION_PREFERS_STRING_CATALOGS = YES;
				MTL_ENABLE_DEBUG_INFO = INCLUDE_SOURCE;
				MTL_FAST_MATH = YES;
				ONLY_ACTIVE_ARCH = YES;
				SDKROOT = iphoneos;
				SWIFT_ACTIVE_COMPILATION_CONDITIONS = "DEBUG $(inherited)";
				SWIFT_OPTIMIZATION_LEVEL = "-Onone";
			};
			name = Debug;
		};
		A1000001266A000000000023 /* Release */ = {
			isa = XCBuildConfiguration;
			buildSettings = {
				ALWAYS_SEARCH_USER_PATHS = NO;
				ASSETCATALOG_COMPILER_GENERATE_SWIFT_ASSET_SYMBOL_EXTENSIONS = YES;
				CLANG_ANALYZER_NONNULL = YES;
				CLANG_ANALYZER_NUMBER_OBJECT_CONVERSION = YES_AGGRESSIVE;
				CLANG_CXX_LANGUAGE_STANDARD = "gnu++20";
				CLANG_ENABLE_MODULES = YES;
				CLANG_ENABLE_OBJC_ARC = YES;
				CLANG_ENABLE_OBJC_WEAK = YES;
				CLANG_WARN_BLOCK_CAPTURE_AUTORELEASING = YES;
				CLANG_WARN_BOOL_CONVERSION = YES;
				CLANG_WARN_COMMA = YES;
				CLANG_WARN_CONSTANT_CONVERSION = YES;
				CLANG_WARN_DEPRECATED_OBJC_IMPLEMENTATIONS = YES;
				CLANG_WARN_DIRECT_OBJC_ISA_USAGE = YES_ERROR;
				CLANG_WARN_DOCUMENTATION_COMMENTS = YES;
				CLANG_WARN_EMPTY_BODY = YES;
				CLANG_WARN_ENUM_CONVERSION = YES;
				CLANG_WARN_INFINITE_RECURSION = YES;
				CLANG_WARN_INT_CONVERSION = YES;
				CLANG_WARN_NON_LITERAL_NULL_CONVERSION = YES;
				CLANG_WARN_OBJC_IMPLICIT_RETAIN_SELF = YES;
				CLANG_WARN_OBJC_LITERAL_CONVERSION = YES;
				CLANG_WARN_OBJC_ROOT_CLASS = YES_ERROR;
				CLANG_WARN_QUOTED_INCLUDE_IN_FRAMEWORK_HEADER = YES;
				CLANG_WARN_RANGE_LOOP_ANALYSIS = YES;
				CLANG_WARN_STRICT_PROTOTYPES = YES;
				CLANG_WARN_SUSPICIOUS_MOVE = YES;
				CLANG_WARN_UNGUARDED_AVAILABILITY = YES_AGGRESSIVE;
				CLANG_WARN_UNREACHABLE_CODE = YES;
				CLANG_WARN__DUPLICATE_METHOD_MATCH = YES;
				COPY_PHASE_STRIP = NO;
				DEBUG_INFORMATION_FORMAT = "dwarf-with-dsym";
				ENABLE_NS_ASSERTIONS = NO;
				ENABLE_STRICT_OBJC_MSGSEND = YES;
				ENABLE_USER_SCRIPT_SANDBOXING = YES;
				GCC_C_LANGUAGE_STANDARD = gnu17;
				GCC_NO_COMMON_BLOCKS = YES;
				GCC_WARN_64_TO_32_BIT_CONVERSION = YES;
				GCC_WARN_ABOUT_RETURN_TYPE = YES_ERROR;
				GCC_WARN_UNDECLARED_SELECTOR = YES;
				GCC_WARN_UNINITIALIZED_AUTOS = YES_AGGRESSIVE;
				GCC_WARN_UNUSED_FUNCTION = YES;
				GCC_WARN_UNUSED_VARIABLE = YES;
				IPHONEOS_DEPLOYMENT_TARGET = 16.0;
				LOCALIZATION_PREFERS_STRING_CATALOGS = YES;
				MTL_ENABLE_DEBUG_INFO = NO;
				MTL_FAST_MATH = YES;
				SDKROOT = iphoneos;
				SWIFT_COMPILATION_MODE = wholemodule;
				VALIDATE_PRODUCT = YES;
			};
			name = Release;
		};
		A1000001266A000000000024 /* Debug */ = {
			isa = XCBuildConfiguration;
			buildSettings = {
				ASSETCATALOG_COMPILER_APPICON_NAME = AppIcon;
				ASSETCATALOG_COMPILER_GLOBAL_ACCENT_COLOR_NAME = AccentColor;
				CODE_SIGN_STYLE = Automatic;
				CURRENT_PROJECT_VERSION = 1;
				DEVELOPMENT_ASSET_PATHS = "";
				DEVELOPMENT_TEAM = 35QFLB7H5A;
				ENABLE_PREVIEWS = YES;
				GENERATE_INFOPLIST_FILE = NO;
				INFOPLIST_FILE = UmbraiOS/Resources/Info.plist;
				INFOPLIST_KEY_CFBundleDisplayName = Umbra;
				INFOPLIST_KEY_LSApplicationCategoryType = "public.app-category.developer-tools";
				INFOPLIST_KEY_UIApplicationSceneManifest_Generation = YES;
				INFOPLIST_KEY_UIApplicationSupportsIndirectInputEvents = YES;
				INFOPLIST_KEY_UILaunchScreen_Generation = YES;
				INFOPLIST_KEY_UISupportedInterfaceOrientations_iPad = "UIInterfaceOrientationPortrait UIInterfaceOrientationPortraitUpsideDown UIInterfaceOrientationLandscapeLeft UIInterfaceOrientationLandscapeRight";
				INFOPLIST_KEY_UISupportedInterfaceOrientations_iPhone = "UIInterfaceOrientationPortrait UIInterfaceOrientationLandscapeLeft UIInterfaceOrientationLandscapeRight";
				LD_RUNPATH_SEARCH_PATHS = (
					"$(inherited)",
					"@executable_path/Frameworks",
				);
				MARKETING_VERSION = 0.4.2;
				PRODUCT_BUNDLE_IDENTIFIER = xyz.tingyusha.umbra.ios;
				PRODUCT_NAME = "$(TARGET_NAME)";
				SWIFT_EMIT_LOC_STRINGS = YES;
				SWIFT_VERSION = 5.0;
				TARGETED_DEVICE_FAMILY = "1,2";
			};
			name = Debug;
		};
		A1000001266A000000000025 /* Release */ = {
			isa = XCBuildConfiguration;
			buildSettings = {
				ASSETCATALOG_COMPILER_APPICON_NAME = AppIcon;
				ASSETCATALOG_COMPILER_GLOBAL_ACCENT_COLOR_NAME = AccentColor;
				CODE_SIGN_STYLE = Automatic;
				CURRENT_PROJECT_VERSION = 1;
				DEVELOPMENT_ASSET_PATHS = "";
				DEVELOPMENT_TEAM = 35QFLB7H5A;
				ENABLE_PREVIEWS = YES;
				GENERATE_INFOPLIST_FILE = NO;
				INFOPLIST_FILE = UmbraiOS/Resources/Info.plist;
				INFOPLIST_KEY_CFBundleDisplayName = Umbra;
				INFOPLIST_KEY_LSApplicationCategoryType = "public.app-category.developer-tools";
				INFOPLIST_KEY_UIApplicationSceneManifest_Generation = YES;
				INFOPLIST_KEY_UIApplicationSupportsIndirectInputEvents = YES;
				INFOPLIST_KEY_UILaunchScreen_Generation = YES;
				INFOPLIST_KEY_UISupportedInterfaceOrientations_iPad = "UIInterfaceOrientationPortrait UIInterfaceOrientationPortraitUpsideDown UIInterfaceOrientationLandscapeLeft UIInterfaceOrientationLandscapeRight";
				INFOPLIST_KEY_UISupportedInterfaceOrientations_iPhone = "UIInterfaceOrientationPortrait UIInterfaceOrientationLandscapeLeft UIInterfaceOrientationLandscapeRight";
				LD_RUNPATH_SEARCH_PATHS = (
					"$(inherited)",
					"@executable_path/Frameworks",
				);
				MARKETING_VERSION = 0.4.2;
				PRODUCT_BUNDLE_IDENTIFIER = xyz.tingyusha.umbra.ios;
				PRODUCT_NAME = "$(TARGET_NAME)";
				SWIFT_EMIT_LOC_STRINGS = YES;
				SWIFT_VERSION = 5.0;
				TARGETED_DEVICE_FAMILY = "1,2";
			};
			name = Release;
		};
/* End XCBuildConfiguration section */

/* Begin XCConfigurationList section */
		A1000001266A000000000020 /* Build configuration list for PBXNativeTarget "UmbraiOS" */ = {
			isa = XCConfigurationList;
			buildConfigurations = (
				A1000001266A000000000024 /* Debug */,
				A1000001266A000000000025 /* Release */,
			);
			defaultConfigurationIsVisible = 0;
			defaultConfigurationName = Release;
		};
		A1000001266A000000000021 /* Build configuration list for PBXProject "UmbraiOS" */ = {
			isa = XCConfigurationList;
			buildConfigurations = (
				A1000001266A000000000022 /* Debug */,
				A1000001266A000000000023 /* Release */,
			);
			defaultConfigurationIsVisible = 0;
			defaultConfigurationName = Release;
		};
/* End XCConfigurationList section */
	};
	rootObject = A1000001266A000000000005 /* Project object */;
}
